
Microsoft Visual Studio Solution File, Format Version 12.00
# Visual Studio Version 16
VisualStudioVersion = 16.0.34031.81
MinimumVisualStudioVersion = 10.0.40219.1
Project("{FAE04EC0-301F-11D3-BF4B-00C04F79EFBC}") = "Arreglo de Aves Csharp", "Arreglo de Aves Csharp\Arreglo de Aves Csharp.csproj", "{E203C4A9-8618-47DC-9F9E-2584BD98BD9A}"
EndProject
Global
	GlobalSection(SolutionConfigurationPlatforms) = preSolution
		Debug|Any CPU = Debug|Any CPU
		Release|Any CPU = Release|Any CPU
	EndGlobalSection
	GlobalSection(ProjectConfigurationPlatforms) = postSolution
		{E203C4A9-8618-47DC-9F9E-2584BD98BD9A}.Debug|Any CPU.ActiveCfg = Debug|Any CPU
		{E203C4A9-8618-47DC-9F9E-2584BD98BD9A}.Debug|Any CPU.Build.0 = Debug|Any CPU
		{E203C4A9-8618-47DC-9F9E-2584BD98BD9A}.Release|Any CPU.ActiveCfg = Release|Any CPU
		{E203C4A9-8618-47DC-9F9E-2584BD98BD9A}.Release|Any CPU.Build.0 = Release|Any CPU
	EndGlobalSection
	GlobalSection(SolutionProperties) = preSolution
		HideSolutionNode = FALSE
	EndGlobalSection
	GlobalSection(ExtensibilityGlobals) = postSolution
		SolutionGuid = {6DBE8434-10D6-46EF-8EB6-1388D820ED5D}
	EndGlobalSection
EndGlobal
